// !$*UTF8*$!
{
	archiveVersion = 1;
	classes = {
	};
	objectVersion = 46;
	objects = {

/* Begin PBXBuildFile section */
		16BF4E2B1A7E7B7D007D53F6 /* main.m in Sources */ = {isa = PBXBuildFile; fileRef = 16BF4E2A1A7E7B7D007D53F6 /* main.m */; };
		16BF4E2E1A7E7B7D007D53F6 /* AppDelegate.m in Sources */ = {isa = PBXBuildFile; fileRef = 16BF4E2D1A7E7B7D007D53F6 /* AppDelegate.m */; };
		16BF4E311A7E7B7D007D53F6 /* ViewController.m in Sources */ = {isa = PBXBuildFile; fileRef = 16BF4E301A7E7B7D007D53F6 /* ViewController.m */; };
		16BF4E341A7E7B7D007D53F6 /* Main.storyboard in Resources */ = {isa = PBXBuildFile; fileRef = 16BF4E321A7E7B7D007D53F6 /* Main.storyboard */; };
		16BF4E361A7E7B7D007D53F6 /* Images.xcassets in Resources */ = {isa = PBXBuildFile; fileRef = 16BF4E351A7E7B7D007D53F6 /* Images.xcassets */; };
		16BF4E391A7E7B7D007D53F6 /* LaunchScreen.xib in Resources */ = {isa = PBXBuildFile; fileRef = 16BF4E371A7E7B7D007D53F6 /* LaunchScreen.xib */; };
		16BF4E451A7E7B7D007D53F6 /* stack_overflow_28264017Tests.m in Sources */ = {isa = PBXBuildFile; fileRef = 16BF4E441A7E7B7D007D53F6 /* stack_overflow_28264017Tests.m */; };
/* End PBXBuildFile section */

/* Begin PBXContainerItemProxy section */
		16BF4E3F1A7E7B7D007D53F6 /* PBXContainerItemProxy */ = {
			isa = PBXContainerItemProxy;
			containerPortal = 16BF4E1D1A7E7B7C007D53F6 /* Project object */;
			proxyType = 1;
			remoteGlobalIDString = 16BF4E241A7E7B7C007D53F6;
			remoteInfo = stack_overflow_28264017;
		};
/* End PBXContainerItemProxy section */

/* Begin PBXFileReference section */
		16BF4E251A7E7B7D007D53F6 /* stack_overflow_28264017.app */ = {isa = PBXFileReference; explicitFileType = wrapper.application; includeInIndex = 0; path = stack_overflow_28264017.app; sourceTree = BUILT_PRODUCTS_DIR; };
		16BF4E291A7E7B7D007D53F6 /* Info.plist */ = {isa = PBXFileReference; lastKnownFileType = text.plist.xml; path = Info.plist; sourceTree = "<group>"; };
		16BF4E2A1A7E7B7D007D53F6 /* main.m */ = {isa = PBXFileReference; lastKnownFileType = sourcecode.c.objc; path = main.m; sourceTree = "<group>"; };
		16BF4E2C1A7E7B7D007D53F6 /* AppDelegate.h */ = {isa = PBXFileReference; lastKnownFileType = sourcecode.c.h; path = AppDelegate.h; sourceTree = "<group>"; };
		16BF4E2D1A7E7B7D007D53F6 /* AppDelegate.m */ = {isa = PBXFileReference; lastKnownFileType = sourcecode.c.objc; path = AppDelegate.m; sourceTree = "<group>"; };
		16BF4E2F1A7E7B7D007D53F6 /* ViewController.h */ = {isa = PBXFileReference; lastKnownFileType = sourcecode.c.h; path = ViewController.h; sourceTree = "<group>"; };
		16BF4E301A7E7B7D007D53F6 /* ViewController.m */ = {isa = PBXFileReference; lastKnownFileType = sourcecode.c.objc; path = ViewController.m; sourceTree = "<group>"; };
		16BF4E331A7E7B7D007D53F6 /* Base */ = {isa = PBXFileReference; lastKnownFileType = file.storyboard; name = Base; path = Base.lproj/Main.storyboard; sourceTree = "<group>"; };
		16BF4E351A7E7B7D007D53F6 /* Images.xcassets */ = {isa = PBXFileReference; lastKnownFileType = folder.assetcatalog; path = Images.xcassets; sourceTree = "<group>"; };
		16BF4E381A7E7B7D007D53F6 /* Base */ = {isa = PBXFileReference; lastKnownFileType = file.xib; name = Base; path = Base.lproj/LaunchScreen.xib; sourceTree = "<group>"; };
		16BF4E3E1A7E7B7D007D53F6 /* stack_overflow_28264017Tests.xctest */ = {isa = PBXFileReference; explicitFileType = wrapper.cfbundle; includeInIndex = 0; path = stack_overflow_28264017Tests.xctest; sourceTree = BUILT_PRODUCTS_DIR; };
		16BF4E431A7E7B7D007D53F6 /* Info.plist */ = {isa = PBXFileReference; lastKnownFileType = text.plist.xml; path = Info.plist; sourceTree = "<group>"; };
		16BF4E441A7E7B7D007D53F6 /* stack_overflow_28264017Tests.m */ = {isa = PBXFileReference; lastKnownFileType = sourcecode.c.objc; path = stack_overflow_28264017Tests.m; sourceTree = "<group>"; };
/* End PBXFileReference section */

/* Begin PBXFrameworksBuildPhase section */
		16BF4E221A7E7B7C007D53F6 /* Frameworks */ = {
			isa = PBXFrameworksBuildPhase;
			buildActionMask = 2147483647;
			files = (
			);
			runOnlyForDeploymentPostprocessing = 0;
		};
		16BF4E3B1A7E7B7D007D53F6 /* Frameworks */ = {
			isa = PBXFrameworksBuildPhase;
			buildActionMask = 2147483647;
			files = (
			);
			runOnlyForDeploymentPostprocessing = 0;
		};
/* End PBXFrameworksBuildPhase section */

/* Begin PBXGroup section */
		16BF4E1C1A7E7B7C007D53F6 = {
			isa = PBXGroup;
			children = (
				16BF4E271A7E7B7D007D53F6 /* stack_overflow_28264017 */,
				16BF4E411A7E7B7D007D53F6 /* stack_overflow_28264017Tests */,
				16BF4E261A7E7B7D007D53F6 /* Products */,
			);
			sourceTree = "<group>";
		};
		16BF4E261A7E7B7D007D53F6 /* Products */ = {
			isa = PBXGroup;
			children = (
				16BF4E251A7E7B7D007D53F6 /* stack_overflow_28264017.app */,
				16BF4E3E1A7E7B7D007D53F6 /* stack_overflow_28264017Tests.xctest */,
			);
			name = Products;
			sourceTree = "<group>";
		};
		16BF4E271A7E7B7D007D53F6 /* stack_overflow_28264017 */ = {
			isa = PBXGroup;
			children = (
				16BF4E2C1A7E7B7D007D53F6 /* AppDelegate.h */,
				16BF4E2D1A7E7B7D007D53F6 /* AppDelegate.m */,
				16BF4E2F1A7E7B7D007D53F6 /* ViewController.h */,
				16BF4E301A7E7B7D007D53F6 /* ViewController.m */,
				16BF4E321A7E7B7D007D53F6 /* Main.storyboard */,
				16BF4E351A7E7B7D007D53F6 /* Images.xcassets */,
				16BF4E371A7E7B7D007D53F6 /* LaunchScreen.xib */,
				16BF4E281A7E7B7D007D53F6 /* Supporting Files */,
			);
			path = stack_overflow_28264017;
			sourceTree = "<group>";
		};
		16BF4E281A7E7B7D007D53F6 /* Supporting Files */ = {
			isa = PBXGroup;
			children = (
				16BF4E291A7E7B7D007D53F6 /* Info.plist */,
				16BF4E2A1A7E7B7D007D53F6 /* main.m */,
			);
			name = "Supporting Files";
			sourceTree = "<group>";
		};
		16BF4E411A7E7B7D007D53F6 /* stack_overflow_28264017Tests */ = {
			isa = PBXGroup;
			children = (
				16BF4E441A7E7B7D007D53F6 /* stack_overflow_28264017Tests.m */,
				16BF4E421A7E7B7D007D53F6 /* Supporting Files */,
			);
			path = stack_overflow_28264017Tests;
			sourceTree = "<group>";
		};
		16BF4E421A7E7B7D007D53F6 /* Supporting Files */ = {
			isa = PBXGroup;
			children = (
				16BF4E431A7E7B7D007D53F6 /* Info.plist */,
			);
			name = "Supporting Files";
			sourceTree = "<group>";
		};
/* End PBXGroup section */

/* Begin PBXNativeTarget section */
		16BF4E241A7E7B7C007D53F6 /* stack_overflow_28264017 */ = {
			isa = PBXNativeTarget;
			buildConfigurationList = 16BF4E481A7E7B7D007D53F6 /* Build configuration list for PBXNativeTarget "stack_overflow_28264017" */;
			buildPhases = (
				16BF4E211A7E7B7C007D53F6 /* Sources */,
				16BF4E221A7E7B7C007D53F6 /* Frameworks */,
				16BF4E231A7E7B7C007D53F6 /* Resources */,
			);
			buildRules = (
			);
			dependencies = (
			);
			name = stack_overflow_28264017;
			productName = stack_overflow_28264017;
			productReference = 16BF4E251A7E7B7D007D53F6 /* stack_overflow_28264017.app */;
			productType = "com.apple.product-type.application";
		};
		16BF4E3D1A7E7B7D007D53F6 /* stack_overflow_28264017Tests */ = {
			isa = PBXNativeTarget;
			buildConfigurationList = 16BF4E4B1A7E7B7D007D53F6 /* Build configuration list for PBXNativeTarget "stack_overflow_28264017Tests" */;
			buildPhases = (
				16BF4E3A1A7E7B7D007D53F6 /* Sources */,
				16BF4E3B1A7E7B7D007D53F6 /* Frameworks */,
				16BF4E3C1A7E7B7D007D53F6 /* Resources */,
			);
			buildRules = (
			);
			dependencies = (
				16BF4E401A7E7B7D007D53F6 /* PBXTargetDependency */,
			);
			name = stack_overflow_28264017Tests;
			productName = stack_overflow_28264017Tests;
			productReference = 16BF4E3E1A7E7B7D007D53F6 /* stack_overflow_28264017Tests.xctest */;
			productType = "com.apple.product-type.bundle.unit-test";
		};
/* End PBXNativeTarget section */

/* Begin PBXProject section */
		16BF4E1D1A7E7B7C007D53F6 /* Project object */ = {
			isa = PBXProject;
			attributes = {
				LastUpgradeCheck = 0610;
				ORGANIZATIONNAME = Sanad;
				TargetAttributes = {
					16BF4E241A7E7B7C007D53F6 = {
						CreatedOnToolsVersion = 6.1.1;
					};
					16BF4E3D1A7E7B7D007D53F6 = {
						CreatedOnToolsVersion = 6.1.1;
						TestTargetID = 16BF4E241A7E7B7C007D53F6;
					};
				};
			};
			buildConfigurationList = 16BF4E201A7E7B7C007D53F6 /* Build configuration list for PBXProject "stack_overflow_28264017" */;
			compatibilityVersion = "Xcode 3.2";
			developmentRegion = English;
			hasScannedForEncodings = 0;
			knownRegions = (
				en,
				Base,
			);
			mainGroup = 16BF4E1C1A7E7B7C007D53F6;
			productRefGroup = 16BF4E261A7E7B7D007D53F6 /* Products */;
			projectDirPath = "";
			projectRoot = "";
			targets = (
				16BF4E241A7E7B7C007D53F6 /* stack_overflow_28264017 */,
				16BF4E3D1A7E7B7D007D53F6 /* stack_overflow_28264017Tests */,
			);
		};
/* End PBXProject section */

/* Begin PBXResourcesBuildPhase section */
		16BF4E231A7E7B7C007D53F6 /* Resources */ = {
			isa = PBXResourcesBuildPhase;
			buildActionMask = 2147483647;
			files = (
				16BF4E341A7E7B7D007D53F6 /* Main.storyboard in Resources */,
				16BF4E391A7E7B7D007D53F6 /* LaunchScreen.xib in Resources */,
				16BF4E361A7E7B7D007D53F6 /* Images.xcassets in Resources */,
			);
			runOnlyForDeploymentPostprocessing = 0;
		};
		16BF4E3C1A7E7B7D007D53F6 /* Resources */ = {
			isa = PBXResourcesBuildPhase;
			buildActionMask = 2147483647;
			files = (
			);
			runOnlyForDeploymentPostprocessing = 0;
		};
/* End PBXResourcesBuildPhase section */

/* Begin PBXSourcesBuildPhase section */
		16BF4E211A7E7B7C007D53F6 /* Sources */ = {
			isa = PBXSourcesBuildPhase;
			buildActionMask = 2147483647;
			files = (
				16BF4E311A7E7B7D007D53F6 /* ViewController.m in Sources */,
				16BF4E2E1A7E7B7D007D53F6 /* AppDelegate.m in Sources */,
				16BF4E2B1A7E7B7D007D53F6 /* main.m in Sources */,
			);
			runOnlyForDeploymentPostprocessing = 0;
		};
		16BF4E3A1A7E7B7D007D53F6 /* Sources */ = {
			isa = PBXSourcesBuildPhase;
			buildActionMask = 2147483647;
			files = (
				16BF4E451A7E7B7D007D53F6 /* stack_overflow_28264017Tests.m in Sources */,
			);
			runOnlyForDeploymentPostprocessing = 0;
		};
/* End PBXSourcesBuildPhase section */

/* Begin PBXTargetDependency section */
		16BF4E401A7E7B7D007D53F6 /* PBXTargetDependency */ = {
			isa = PBXTargetDependency;
			target = 16BF4E241A7E7B7C007D53F6 /* stack_overflow_28264017 */;
			targetProxy = 16BF4E3F1A7E7B7D007D53F6 /* PBXContainerItemProxy */;
		};
/* End PBXTargetDependency section */

/* Begin PBXVariantGroup section */
		16BF4E321A7E7B7D007D53F6 /* Main.storyboard */ = {
			isa = PBXVariantGroup;
			children = (
				16BF4E331A7E7B7D007D53F6 /* Base */,
			);
			name = Main.storyboard;
			sourceTree = "<group>";
		};
		16BF4E371A7E7B7D007D53F6 /* LaunchScreen.xib */ = {
			isa = PBXVariantGroup;
			children = (
				16BF4E381A7E7B7D007D53F6 /* Base */,
			);
			name = LaunchScreen.xib;
			sourceTree = "<group>";
		};
/* End PBXVariantGroup section */

/* Begin XCBuildConfiguration section */
		16BF4E461A7E7B7D007D53F6 /* Debug */ = {
			isa = XCBuildConfiguration;
			buildSettings = {
				ALWAYS_SEARCH_USER_PATHS = NO;
				CLANG_CXX_LANGUAGE_STANDARD = "gnu++0x";
				CLANG_CXX_LIBRARY = "libc++";
				CLANG_ENABLE_MODULES = YES;
				CLANG_ENABLE_OBJC_ARC = YES;
				CLANG_WARN_BOOL_CONVERSION = YES;
				CLANG_WARN_CONSTANT_CONVERSION = YES;
				CLANG_WARN_DIRECT_OBJC_ISA_USAGE = YES_ERROR;
				CLANG_WARN_EMPTY_BODY = YES;
				CLANG_WARN_ENUM_CONVERSION = YES;
				CLANG_WARN_INT_CONVERSION = YES;
				CLANG_WARN_OBJC_ROOT_CLASS = YES_ERROR;
				CLANG_WARN_UNREACHABLE_CODE = YES;
				CLANG_WARN__DUPLICATE_METHOD_MATCH = YES;
				"CODE_SIGN_IDENTITY[sdk=iphoneos*]" = "iPhone Developer";
				COPY_PHASE_STRIP = NO;
				ENABLE_STRICT_OBJC_MSGSEND = YES;
				GCC_C_LANGUAGE_STANDARD = gnu99;
				GCC_DYNAMIC_NO_PIC = NO;
				GCC_OPTIMIZATION_LEVEL = 0;
				GCC_PREPROCESSOR_DEFINITIONS = (
					"DEBUG=1",
					"$(inherited)",
				);
				GCC_SYMBOLS_PRIVATE_EXTERN = NO;
				GCC_WARN_64_TO_32_BIT_CONVERSION = YES;
				GCC_WARN_ABOUT_RETURN_TYPE = YES_ERROR;
				GCC_WARN_UNDECLARED_SELECTOR = YES;
				GCC_WARN_UNINITIALIZED_AUTOS = YES_AGGRESSIVE;
				GCC_WARN_UNUSED_FUNCTION = YES;
				GCC_WARN_UNUSED_VARIABLE = YES;
				IPHONEOS_DEPLOYMENT_TARGET = 8.1;
				MTL_ENABLE_DEBUG_INFO = YES;
				ONLY_ACTIVE_ARCH = YES;
				SDKROOT = iphoneos;
				TARGETED_DEVICE_FAMILY = "1,2";
			};
			name = Debug;
		};
		16BF4E471A7E7B7D007D53F6 /* Release */ = {
			isa = XCBuildConfiguration;
			buildSettings = {
				ALWAYS_SEARCH_USER_PATHS = NO;
				CLANG_CXX_LANGUAGE_STANDARD = "gnu++0x";
				CLANG_CXX_LIBRARY = "libc++";
				CLANG_ENABLE_MODULES = YES;
				CLANG_ENABLE_OBJC_ARC = YES;
				CLANG_WARN_BOOL_CONVERSION = YES;
				CLANG_WARN_CONSTANT_CONVERSION = YES;
				CLANG_WARN_DIRECT_OBJC_ISA_USAGE = YES_ERROR;
				CLANG_WARN_EMPTY_BODY = YES;
				CLANG_WARN_ENUM_CONVERSION = YES;
				CLANG_WARN_INT_CONVERSION = YES;
				CLANG_WARN_OBJC_ROOT_CLASS = YES_ERROR;
				CLANG_WARN_UNREACHABLE_CODE = YES;
				CLANG_WARN__DUPLICATE_METHOD_MATCH = YES;
				"CODE_SIGN_IDENTITY[sdk=iphoneos*]" = "iPhone Developer";
				COPY_PHASE_STRIP = YES;
				ENABLE_NS_ASSERTIONS = NO;
				ENABLE_STRICT_OBJC_MSGSEND = YES;
				GCC_C_LANGUAGE_STANDARD = gnu99;
				GCC_WARN_64_TO_32_BIT_CONVERSION = YES;
				GCC_WARN_ABOUT_RETURN_TYPE = YES_ERROR;
				GCC_WARN_UNDECLARED_SELECTOR = YES;
				GCC_WARN_UNINITIALIZED_AUTOS = YES_AGGRESSIVE;
				GCC_WARN_UNUSED_FUNCTION = YES;
				GCC_WARN_UNUSED_VARIABLE = YES;
				IPHONEOS_DEPLOYMENT_TARGET = 8.1;
				MTL_ENABLE_DEBUG_INFO = NO;
				SDKROOT = iphoneos;
				TARGETED_DEVICE_FAMILY = "1,2";
				VALIDATE_PRODUCT = YES;
			};
			name = Release;
		};
		16BF4E491A7E7B7D007D53F6 /* Debug */ = {
			isa = XCBuildConfiguration;
			buildSettings = {
				ASSETCATALOG_COMPILER_APPICON_NAME = AppIcon;
				INFOPLIST_FILE = stack_overflow_28264017/Info.plist;
				LD_RUNPATH_SEARCH_PATHS = "$(inherited) @executable_path/Frameworks";
				PRODUCT_NAME = "$(TARGET_NAME)";
			};
			name = Debug;
		};
		16BF4E4A1A7E7B7D007D53F6 /* Release */ = {
			isa = XCBuildConfiguration;
			buildSettings = {
				ASSETCATALOG_COMPILER_APPICON_NAME = AppIcon;
				INFOPLIST_FILE = stack_overflow_28264017/Info.plist;
				LD_RUNPATH_SEARCH_PATHS = "$(inherited) @executable_path/Frameworks";
				PRODUCT_NAME = "$(TARGET_NAME)";
			};
			name = Release;
		};
		16BF4E4C1A7E7B7D007D53F6 /* Debug */ = {
			isa = XCBuildConfiguration;
			buildSettings = {
				BUNDLE_LOADER = "$(TEST_HOST)";
				FRAMEWORK_SEARCH_PATHS = (
					"$(SDKROOT)/Developer/Library/Frameworks",
					"$(inherited)",
				);
				GCC_PREPROCESSOR_DEFINITIONS = (
					"DEBUG=1",
					"$(inherited)",
				);
				INFOPLIST_FILE = stack_overflow_28264017Tests/Info.plist;
				LD_RUNPATH_SEARCH_PATHS = "$(inherited) @executable_path/Frameworks @loader_path/Frameworks";
				PRODUCT_NAME = "$(TARGET_NAME)";
				TEST_HOST = "$(BUILT_PRODUCTS_DIR)/stack_overflow_28264017.app/stack_overflow_28264017";
			};
			name = Debug;
		};
		16BF4E4D1A7E7B7D007D53F6 /* Release */ = {
			isa = XCBuildConfiguration;
			buildSettings = {
				BUNDLE_LOADER = "$(TEST_HOST)";
				FRAMEWORK_SEARCH_PATHS = (
					"$(SDKROOT)/Developer/Library/Frameworks",
					"$(inherited)",
				);
				INFOPLIST_FILE = stack_overflow_28264017Tests/Info.plist;
				LD_RUNPATH_SEARCH_PATHS = "$(inherited) @executable_path/Frameworks @loader_path/Frameworks";
				PRODUCT_NAME = "$(TARGET_NAME)";
				TEST_HOST = "$(BUILT_PRODUCTS_DIR)/stack_overflow_28264017.app/stack_overflow_28264017";
			};
			name = Release;
		};
/* End XCBuildConfiguration section */

/* Begin XCConfigurationList section */
		16BF4E201A7E7B7C007D53F6 /* Build configuration list for PBXProject "stack_overflow_28264017" */ = {
			isa = XCConfigurationList;
			buildConfigurations = (
				16BF4E461A7E7B7D007D53F6 /* Debug */,
				16BF4E471A7E7B7D007D53F6 /* Release */,
			);
			defaultConfigurationIsVisible = 0;
			defaultConfigurationName = Release;
		};
		16BF4E481A7E7B7D007D53F6 /* Build configuration list for PBXNativeTarget "stack_overflow_28264017" */ = {
			isa = XCConfigurationList;
			buildConfigurations = (
				16BF4E491A7E7B7D007D53F6 /* Debug */,
				16BF4E4A1A7E7B7D007D53F6 /* Release */,
			);
			defaultConfigurationIsVisible = 0;
		};
		16BF4E4B1A7E7B7D007D53F6 /* Build configuration list for PBXNativeTarget "stack_overflow_28264017Tests" */ = {
			isa = XCConfigurationList;
			buildConfigurations = (
				16BF4E4C1A7E7B7D007D53F6 /* Debug */,
				16BF4E4D1A7E7B7D007D53F6 /* Release */,
			);
			defaultConfigurationIsVisible = 0;
		};
/* End XCConfigurationList section */
	};
	rootObject = 16BF4E1D1A7E7B7C007D53F6 /* Project object */;
}
